
Microsoft Visual Studio Solution File, Format Version 12.00
# Visual Studio Version 17
VisualStudioVersion = 17.5.33516.290
MinimumVisualStudioVersion = 10.0.40219.1
Project("{FAE04EC0-301F-11D3-BF4B-00C04F79EFBC}") = "Eventos.API", "Eventos.API.csproj", "{2A3FF27B-E0FB-43B8-A31A-B96754B61679}"
EndProject
Global
	GlobalSection(SolutionConfigurationPlatforms) = preSolution
		Debug|Any CPU = Debug|Any CPU
		Release|Any CPU = Release|Any CPU
	EndGlobalSection
	GlobalSection(ProjectConfigurationPlatforms) = postSolution
		{2A3FF27B-E0FB-43B8-A31A-B96754B61679}.Debug|Any CPU.ActiveCfg = Debug|Any CPU
		{2A3FF27B-E0FB-43B8-A31A-B96754B61679}.Debug|Any CPU.Build.0 = Debug|Any CPU
		{2A3FF27B-E0FB-43B8-A31A-B96754B61679}.Release|Any CPU.ActiveCfg = Release|Any CPU
		{2A3FF27B-E0FB-43B8-A31A-B96754B61679}.Release|Any CPU.Build.0 = Release|Any CPU
	EndGlobalSection
	GlobalSection(SolutionProperties) = preSolution
		HideSolutionNode = FALSE
	EndGlobalSection
	GlobalSection(ExtensibilityGlobals) = postSolution
		SolutionGuid = {F1FDFB8B-EDBB-4A39-9E52-0674D937BCA0}
	EndGlobalSection
EndGlobal
